
Microsoft Visual Studio Solution File, Format Version 12.00
# Visual Studio Version 16
VisualStudioVersion = 16.0.29709.97
MinimumVisualStudioVersion = 10.0.40219.1
Project("{FAE04EC0-301F-11D3-BF4B-00C04F79EFBC}") = "UserLocation.Api", "UserLocation.Api\UserLocation.Api.csproj", "{C91DA4BA-0F09-4AC2-B1CB-7C6BB15C8D86}"
EndProject
Project("{FAE04EC0-301F-11D3-BF4B-00C04F79EFBC}") = "UserLocation.Api.Tests", "UserLocation.Api.Tests\UserLocation.Api.Tests.csproj", "{5F9BF730-4FA3-456C-B075-BC535859B542}"
EndProject
Global
	GlobalSection(SolutionConfigurationPlatforms) = preSolution
		Debug|Any CPU = Debug|Any CPU
		Release|Any CPU = Release|Any CPU
	EndGlobalSection
	GlobalSection(ProjectConfigurationPlatforms) = postSolution
		{C91DA4BA-0F09-4AC2-B1CB-7C6BB15C8D86}.Debug|Any CPU.ActiveCfg = Debug|Any CPU
		{C91DA4BA-0F09-4AC2-B1CB-7C6BB15C8D86}.Debug|Any CPU.Build.0 = Debug|Any CPU
		{C91DA4BA-0F09-4AC2-B1CB-7C6BB15C8D86}.Release|Any CPU.ActiveCfg = Release|Any CPU
		{C91DA4BA-0F09-4AC2-B1CB-7C6BB15C8D86}.Release|Any CPU.Build.0 = Release|Any CPU
		{5F9BF730-4FA3-456C-B075-BC535859B542}.Debug|Any CPU.ActiveCfg = Debug|Any CPU
		{5F9BF730-4FA3-456C-B075-BC535859B542}.Debug|Any CPU.Build.0 = Debug|Any CPU
		{5F9BF730-4FA3-456C-B075-BC535859B542}.Release|Any CPU.ActiveCfg = Release|Any CPU
		{5F9BF730-4FA3-456C-B075-BC535859B542}.Release|Any CPU.Build.0 = Release|Any CPU
	EndGlobalSection
	GlobalSection(SolutionProperties) = preSolution
		HideSolutionNode = FALSE
	EndGlobalSection
	GlobalSection(ExtensibilityGlobals) = postSolution
		SolutionGuid = {855773E7-684F-444A-AA18-B795ACF322A3}
	EndGlobalSection
EndGlobal
